
Microsoft Visual Studio Solution File, Format Version 12.00
# Visual Studio Version 17
VisualStudioVersion = 17.2.32519.379
MinimumVisualStudioVersion = 10.0.40219.1
Project("{FAE04EC0-301F-11D3-BF4B-00C04F79EFBC}") = "arrowshit", "arrowshit\arrowshit.csproj", "{A815C42A-CC1C-4706-B891-69A6814D1CD1}"
EndProject
Global
	GlobalSection(SolutionConfigurationPlatforms) = preSolution
		Debug|Any CPU = Debug|Any CPU
		Release|Any CPU = Release|Any CPU
	EndGlobalSection
	GlobalSection(ProjectConfigurationPlatforms) = postSolution
		{A815C42A-CC1C-4706-B891-69A6814D1CD1}.Debug|Any CPU.ActiveCfg = Debug|Any CPU
		{A815C42A-CC1C-4706-B891-69A6814D1CD1}.Debug|Any CPU.Build.0 = Debug|Any CPU
		{A815C42A-CC1C-4706-B891-69A6814D1CD1}.Release|Any CPU.ActiveCfg = Release|Any CPU
		{A815C42A-CC1C-4706-B891-69A6814D1CD1}.Release|Any CPU.Build.0 = Release|Any CPU
	EndGlobalSection
	GlobalSection(SolutionProperties) = preSolution
		HideSolutionNode = FALSE
	EndGlobalSection
	GlobalSection(ExtensibilityGlobals) = postSolution
		SolutionGuid = {20B18A6F-AD2A-4448-AB5D-B1A8EECB090D}
	EndGlobalSection
EndGlobal
